
Microsoft Visual Studio Solution File, Format Version 12.00
# Visual Studio Version 16
VisualStudioVersion = 16.0.31105.61
MinimumVisualStudioVersion = 10.0.40219.1
Project("{FAE04EC0-301F-11D3-BF4B-00C04F79EFBC}") = "WindowsFormsApp1", "WindowsFormsApp1\WindowsFormsApp1.csproj", "{305753C7-A1B2-42BA-A822-71172098304B}"
EndProject
Global
	GlobalSection(SolutionConfigurationPlatforms) = preSolution
		Debug|Any CPU = Debug|Any CPU
		Release|Any CPU = Release|Any CPU
	EndGlobalSection
	GlobalSection(ProjectConfigurationPlatforms) = postSolution
		{305753C7-A1B2-42BA-A822-71172098304B}.Debug|Any CPU.ActiveCfg = Debug|Any CPU
		{305753C7-A1B2-42BA-A822-71172098304B}.Debug|Any CPU.Build.0 = Debug|Any CPU
		{305753C7-A1B2-42BA-A822-71172098304B}.Release|Any CPU.ActiveCfg = Release|Any CPU
		{305753C7-A1B2-42BA-A822-71172098304B}.Release|Any CPU.Build.0 = Release|Any CPU
	EndGlobalSection
	GlobalSection(SolutionProperties) = preSolution
		HideSolutionNode = FALSE
	EndGlobalSection
	GlobalSection(ExtensibilityGlobals) = postSolution
		SolutionGuid = {05B57F67-1FDC-40AC-A469-D2ED883D303A}
	EndGlobalSection
EndGlobal
